
Microsoft Visual Studio Solution File, Format Version 12.00
# Visual Studio Version 17
VisualStudioVersion = 17.7.34024.191
MinimumVisualStudioVersion = 10.0.40219.1
Project("{FAE04EC0-301F-11D3-BF4B-00C04F79EFBC}") = "MyFirstapi", "MyFirstapi\MyFirstapi.csproj", "{27CDBB6B-DCC4-4B86-B0F1-9AB96B25C542}"
EndProject
Global
	GlobalSection(SolutionConfigurationPlatforms) = preSolution
		Debug|Any CPU = Debug|Any CPU
		Release|Any CPU = Release|Any CPU
	EndGlobalSection
	GlobalSection(ProjectConfigurationPlatforms) = postSolution
		{27CDBB6B-DCC4-4B86-B0F1-9AB96B25C542}.Debug|Any CPU.ActiveCfg = Debug|Any CPU
		{27CDBB6B-DCC4-4B86-B0F1-9AB96B25C542}.Debug|Any CPU.Build.0 = Debug|Any CPU
		{27CDBB6B-DCC4-4B86-B0F1-9AB96B25C542}.Release|Any CPU.ActiveCfg = Release|Any CPU
		{27CDBB6B-DCC4-4B86-B0F1-9AB96B25C542}.Release|Any CPU.Build.0 = Release|Any CPU
	EndGlobalSection
	GlobalSection(SolutionProperties) = preSolution
		HideSolutionNode = FALSE
	EndGlobalSection
	GlobalSection(ExtensibilityGlobals) = postSolution
		SolutionGuid = {54B9F898-8D8A-4FC0-BA58-5D4061F7D773}
	EndGlobalSection
EndGlobal
