
Microsoft Visual Studio Solution File, Format Version 12.00
# Visual Studio Version 17
VisualStudioVersion = 17.7.34024.191
MinimumVisualStudioVersion = 10.0.40219.1
Project("{FAE04EC0-301F-11D3-BF4B-00C04F79EFBC}") = "MyFirstApi6", "MyFirstApi6\MyFirstApi6.csproj", "{92A110B7-50BE-4EE1-AB9D-0125745260DF}"
EndProject
Global
	GlobalSection(SolutionConfigurationPlatforms) = preSolution
		Debug|Any CPU = Debug|Any CPU
		Release|Any CPU = Release|Any CPU
	EndGlobalSection
	GlobalSection(ProjectConfigurationPlatforms) = postSolution
		{92A110B7-50BE-4EE1-AB9D-0125745260DF}.Debug|Any CPU.ActiveCfg = Debug|Any CPU
		{92A110B7-50BE-4EE1-AB9D-0125745260DF}.Debug|Any CPU.Build.0 = Debug|Any CPU
		{92A110B7-50BE-4EE1-AB9D-0125745260DF}.Release|Any CPU.ActiveCfg = Release|Any CPU
		{92A110B7-50BE-4EE1-AB9D-0125745260DF}.Release|Any CPU.Build.0 = Release|Any CPU
	EndGlobalSection
	GlobalSection(SolutionProperties) = preSolution
		HideSolutionNode = FALSE
	EndGlobalSection
	GlobalSection(ExtensibilityGlobals) = postSolution
		SolutionGuid = {0054AA94-D3DE-4656-9272-C5DC3013D1F8}
	EndGlobalSection
EndGlobal
