
Microsoft Visual Studio Solution File, Format Version 12.00
# Visual Studio Version 17
VisualStudioVersion = 17.7.34024.191
MinimumVisualStudioVersion = 10.0.40219.1
Project("{FAE04EC0-301F-11D3-BF4B-00C04F79EFBC}") = "ListOfString", "ListOfString.csproj", "{4C4533B8-319C-46AF-BBD3-8AB30D57A0E2}"
EndProject
Global
	GlobalSection(SolutionConfigurationPlatforms) = preSolution
		Debug|Any CPU = Debug|Any CPU
		Release|Any CPU = Release|Any CPU
	EndGlobalSection
	GlobalSection(ProjectConfigurationPlatforms) = postSolution
		{4C4533B8-319C-46AF-BBD3-8AB30D57A0E2}.Debug|Any CPU.ActiveCfg = Debug|Any CPU
		{4C4533B8-319C-46AF-BBD3-8AB30D57A0E2}.Debug|Any CPU.Build.0 = Debug|Any CPU
		{4C4533B8-319C-46AF-BBD3-8AB30D57A0E2}.Release|Any CPU.ActiveCfg = Release|Any CPU
		{4C4533B8-319C-46AF-BBD3-8AB30D57A0E2}.Release|Any CPU.Build.0 = Release|Any CPU
	EndGlobalSection
	GlobalSection(SolutionProperties) = preSolution
		HideSolutionNode = FALSE
	EndGlobalSection
	GlobalSection(ExtensibilityGlobals) = postSolution
		SolutionGuid = {0D302F65-8985-48DB-9123-9F3484B61D57}
	EndGlobalSection
EndGlobal
